
Microsoft Visual Studio Solution File, Format Version 12.00
# Visual Studio Version 17
VisualStudioVersion = 17.7.34221.43
MinimumVisualStudioVersion = 10.0.40219.1
Project("{9A19103F-16F7-4668-BE54-9A1E7A4F7556}") = "AgeSharp.Scripting.Language", "AgeSharp.Scripting.Language\AgeSharp.Scripting.Language.csproj", "{9C6B1615-30B5-4592-A629-E7832BB83EEE}"
EndProject
Project("{9A19103F-16F7-4668-BE54-9A1E7A4F7556}") = "AgeSharp.Scripting.Compiler", "AgeSharp.Scripting.Compiler\AgeSharp.Scripting.Compiler.csproj", "{9A7F530D-51CF-4447-8FDF-07D04F55311D}"
EndProject
Project("{9A19103F-16F7-4668-BE54-9A1E7A4F7556}") = "Deimos", "Deimos\Deimos.csproj", "{FDDBC5E4-E867-40AC-AF3C-CA65AF86A6C6}"
EndProject
Project("{9A19103F-16F7-4668-BE54-9A1E7A4F7556}") = "AgeSharp.Scripting.SharpParser", "AgeSharp.Scripting.SharpParser\AgeSharp.Scripting.SharpParser.csproj", "{4FD492A6-AAC7-4F0E-9ABD-98A364B7843C}"
EndProject
Project("{FAE04EC0-301F-11D3-BF4B-00C04F79EFBC}") = "AgeSharp.Common", "AgeSharp.Common\AgeSharp.Common.csproj", "{82DD42FA-10D2-4E22-977F-0214C2DD930B}"
EndProject
Global
	GlobalSection(SolutionConfigurationPlatforms) = preSolution
		Debug|Any CPU = Debug|Any CPU
		Release|Any CPU = Release|Any CPU
	EndGlobalSection
	GlobalSection(ProjectConfigurationPlatforms) = postSolution
		{9C6B1615-30B5-4592-A629-E7832BB83EEE}.Debug|Any CPU.ActiveCfg = Debug|Any CPU
		{9C6B1615-30B5-4592-A629-E7832BB83EEE}.Debug|Any CPU.Build.0 = Debug|Any CPU
		{9C6B1615-30B5-4592-A629-E7832BB83EEE}.Release|Any CPU.ActiveCfg = Release|Any CPU
		{9C6B1615-30B5-4592-A629-E7832BB83EEE}.Release|Any CPU.Build.0 = Release|Any CPU
		{9A7F530D-51CF-4447-8FDF-07D04F55311D}.Debug|Any CPU.ActiveCfg = Debug|Any CPU
		{9A7F530D-51CF-4447-8FDF-07D04F55311D}.Debug|Any CPU.Build.0 = Debug|Any CPU
		{9A7F530D-51CF-4447-8FDF-07D04F55311D}.Release|Any CPU.ActiveCfg = Release|Any CPU
		{9A7F530D-51CF-4447-8FDF-07D04F55311D}.Release|Any CPU.Build.0 = Release|Any CPU
		{FDDBC5E4-E867-40AC-AF3C-CA65AF86A6C6}.Debug|Any CPU.ActiveCfg = Debug|Any CPU
		{FDDBC5E4-E867-40AC-AF3C-CA65AF86A6C6}.Debug|Any CPU.Build.0 = Debug|Any CPU
		{FDDBC5E4-E867-40AC-AF3C-CA65AF86A6C6}.Release|Any CPU.ActiveCfg = Release|Any CPU
		{FDDBC5E4-E867-40AC-AF3C-CA65AF86A6C6}.Release|Any CPU.Build.0 = Release|Any CPU
		{4FD492A6-AAC7-4F0E-9ABD-98A364B7843C}.Debug|Any CPU.ActiveCfg = Debug|Any CPU
		{4FD492A6-AAC7-4F0E-9ABD-98A364B7843C}.Debug|Any CPU.Build.0 = Debug|Any CPU
		{4FD492A6-AAC7-4F0E-9ABD-98A364B7843C}.Release|Any CPU.ActiveCfg = Release|Any CPU
		{4FD492A6-AAC7-4F0E-9ABD-98A364B7843C}.Release|Any CPU.Build.0 = Release|Any CPU
		{82DD42FA-10D2-4E22-977F-0214C2DD930B}.Debug|Any CPU.ActiveCfg = Debug|Any CPU
		{82DD42FA-10D2-4E22-977F-0214C2DD930B}.Debug|Any CPU.Build.0 = Debug|Any CPU
		{82DD42FA-10D2-4E22-977F-0214C2DD930B}.Release|Any CPU.ActiveCfg = Release|Any CPU
		{82DD42FA-10D2-4E22-977F-0214C2DD930B}.Release|Any CPU.Build.0 = Release|Any CPU
	EndGlobalSection
	GlobalSection(SolutionProperties) = preSolution
		HideSolutionNode = FALSE
	EndGlobalSection
	GlobalSection(ExtensibilityGlobals) = postSolution
		SolutionGuid = {46AA5B8D-366C-4EAD-AAC9-6D3013678962}
	EndGlobalSection
EndGlobal
